<?xml version="1.0" encoding="utf-8"?>
<Project ToolsVersion="4.0" xmlns="http://schemas.microsoft.com/developer/msbuild/2003">
  <ItemGroup>
    <Filter Include="Source Files">
      <UniqueIdentifier>{4FC737F1-C7A5-4376-A066-2A32D752A2FF}</UniqueIdentifier>
      <Extensions>cpp;c;cc;cxx;def;odl;idl;hpj;bat;asm;asmx</Extensions>
    </Filter>
    <Filter Include="Resource Files">
      <UniqueIdentifier>{67DA6AB6-F800-4c08-8B7A-83BB121AAD01}</UniqueIdentifier>
      <Extensions>rc;ico;cur;bmp;dlg;rc2;rct;bin;rgs;gif;jpg;jpeg;jpe;resx;tiff;tif;png;wav;mfcribbon-ms</Extensions>
    </Filter>
    <Filter Include="Engine">
      <UniqueIdentifier>{92b7fb5c-53d1-45ff-af0e-3e47d5421f89}</UniqueIdentifier>
    </Filter>
    <Filter Include="Engine\Shaders">
      <UniqueIdentifier>{f26be303-2f7c-4d54-91ce-7005cee1ee15}</UniqueIdentifier>
    </Filter>
    <Filter Include="Engine\Threads">
      <UniqueIdentifier>{287876e3-3183-4335-abb8-5c2455dcecdb}</UniqueIdentifier>
    </Filter>
    <Filter Include="Engine\Tasks">
      <UniqueIdentifier>{a5e3d336-3a5d-4d14-b602-f4d8412b751d}</UniqueIdentifier>
    </Filter>
    <Filter Include="Engine\Tasks\Copy">
      <UniqueIdentifier>{6068a1ae-ae4c-4a4c-b5f7-d1f8dee4cb5c}</UniqueIdentifier>
    </Filter>
    <Filter Include="Engine\Tasks\Render">
      <UniqueIdentifier>{c1028742-f59c-48d8-9ac6-9214956979f9}</UniqueIdentifier>
    </Filter>
    <Filter Include="Engine\Tasks\Compute">
      <UniqueIdentifier>{88f51c30-f521-43e8-9045-f427c090d28d}</UniqueIdentifier>
    </Filter>
    <Filter Include="ECS">
      <UniqueIdentifier>{32e12c13-c6f5-4420-83dc-e249449164e9}</UniqueIdentifier>
    </Filter>
    <Filter Include="ECS\Components">
      <UniqueIdentifier>{39b6045e-c787-43ee-ae90-aa98ce583844}</UniqueIdentifier>
    </Filter>
    <Filter Include="Engine\ConstantBuffer">
      <UniqueIdentifier>{f1997ab7-f2fc-4a98-9f27-40ee11f527c2}</UniqueIdentifier>
    </Filter>
    <Filter Include="Engine\PipelineState">
      <UniqueIdentifier>{c4815bf9-13b9-441b-b453-86fd01d92d87}</UniqueIdentifier>
    </Filter>
    <Filter Include="ECS\Components\Lights">
      <UniqueIdentifier>{65526731-b2f7-4c7b-b7d5-4f80f8432d0b}</UniqueIdentifier>
    </Filter>
    <Filter Include="Engine\Headers">
      <UniqueIdentifier>{c18803ab-0e6a-4a5b-9a8a-f5fdac835992}</UniqueIdentifier>
    </Filter>
    <Filter Include="Engine\Camera">
      <UniqueIdentifier>{85a254ce-7beb-43b9-80fe-d8a912e232ed}</UniqueIdentifier>
    </Filter>
    <Filter Include="Engine\Tasks\Render\WireFrame">
      <UniqueIdentifier>{2afbf0d5-0a96-4b12-bbde-5dd66f5030ca}</UniqueIdentifier>
    </Filter>
    <Filter Include="Engine\Tasks\Render\Solid">
      <UniqueIdentifier>{b7c5d89d-ec7a-4dfa-94e5-c04f38d37db1}</UniqueIdentifier>
    </Filter>
  </ItemGroup>
  <ItemGroup>
    <ClCompile Include="src\main.cpp">
      <Filter>Source Files</Filter>
    </ClCompile>
    <ClCompile Include="src\Window.cpp">
      <Filter>Source Files</Filter>
    </ClCompile>
    <ClCompile Include="src\Engine\DescriptorHeap.cpp">
      <Filter>Engine</Filter>
    </ClCompile>
    <ClCompile Include="src\Engine\Renderer.cpp">
      <Filter>Engine</Filter>
    </ClCompile>
    <ClCompile Include="src\Engine\RenderTarget.cpp">
      <Filter>Engine</Filter>
    </ClCompile>
    <ClCompile Include="src\Engine\Resource.cpp">
      <Filter>Engine</Filter>
    </ClCompile>
    <ClCompile Include="src\Engine\RootSignature.cpp">
      <Filter>Engine</Filter>
    </ClCompile>
    <ClCompile Include="src\Engine\Shader.cpp">
      <Filter>Engine</Filter>
    </ClCompile>
    <ClCompile Include="src\Engine\SwapChain.cpp">
      <Filter>Engine</Filter>
    </ClCompile>
    <ClCompile Include="src\Engine\Transform.cpp">
      <Filter>Engine</Filter>
    </ClCompile>
    <ClCompile Include="src\Engine\D3D12Timer.cpp">
      <Filter>Engine</Filter>
    </ClCompile>
    <ClCompile Include="src\Engine\Thread.cpp">
      <Filter>Engine\Threads</Filter>
    </ClCompile>
    <ClCompile Include="src\Engine\ThreadPool.cpp">
      <Filter>Engine\Threads</Filter>
    </ClCompile>
    <ClCompile Include="src\Engine\Task.cpp">
      <Filter>Engine\Tasks</Filter>
    </ClCompile>
    <ClCompile Include="src\Engine\CommandInterface.cpp">
      <Filter>Engine</Filter>
    </ClCompile>
    <ClCompile Include="src\Engine\DX12Task.cpp">
      <Filter>Engine\Tasks</Filter>
    </ClCompile>
    <ClCompile Include="src\Engine\CopyTask.cpp">
      <Filter>Engine\Tasks\Copy</Filter>
    </ClCompile>
    <ClCompile Include="src\Engine\ComputeTask.cpp">
      <Filter>Engine\Tasks\Compute</Filter>
    </ClCompile>
    <ClCompile Include="src\Engine\AssetLoader.cpp">
      <Filter>Engine</Filter>
    </ClCompile>
    <ClCompile Include="src\Engine\Mesh.cpp">
      <Filter>Engine</Filter>
    </ClCompile>
    <ClCompile Include="src\Engine\Timer.cpp">
      <Filter>Engine</Filter>
    </ClCompile>
    <ClCompile Include="src\ECS\Components\Component.cpp">
      <Filter>ECS\Components</Filter>
    </ClCompile>
    <ClCompile Include="src\ECS\Entity.cpp">
      <Filter>ECS</Filter>
    </ClCompile>
    <ClCompile Include="src\ECS\Scene.cpp">
      <Filter>ECS</Filter>
    </ClCompile>
    <ClCompile Include="src\ECS\SceneHandler.cpp">
      <Filter>ECS</Filter>
    </ClCompile>
    <ClCompile Include="src\ECS\Components\MeshComponent.cpp">
      <Filter>ECS\Components</Filter>
    </ClCompile>
    <ClCompile Include="src\ECS\Components\TransformComponent.cpp">
      <Filter>ECS\Components</Filter>
    </ClCompile>
    <ClCompile Include="src\Engine\Texture.cpp">
      <Filter>Engine</Filter>
    </ClCompile>
    <ClCompile Include="src\Engine\ConstantBufferUpload.cpp">
      <Filter>Engine\ConstantBuffer</Filter>
    </ClCompile>
    <ClCompile Include="src\Engine\ComputeState.cpp">
      <Filter>Engine\PipelineState</Filter>
    </ClCompile>
    <ClCompile Include="src\Engine\GraphicsState.cpp">
      <Filter>Engine\PipelineState</Filter>
    </ClCompile>
    <ClCompile Include="src\Engine\PipelineState.cpp">
      <Filter>Engine\PipelineState</Filter>
    </ClCompile>
    <ClCompile Include="src\ECS\Components\Lights\DirectionalLightComponent.cpp">
      <Filter>ECS\Components\Lights</Filter>
    </ClCompile>
    <ClCompile Include="src\ECS\Components\Lights\Light.cpp">
      <Filter>ECS\Components\Lights</Filter>
    </ClCompile>
    <ClCompile Include="src\ECS\Components\Lights\SpotLightComponent.cpp">
      <Filter>ECS\Components\Lights</Filter>
    </ClCompile>
    <ClCompile Include="src\ECS\Components\Lights\PointLightComponent.cpp">
      <Filter>ECS\Components\Lights</Filter>
    </ClCompile>
    <ClCompile Include="src\Engine\stdafx.cpp">
      <Filter>Engine\Headers</Filter>
    </ClCompile>
    <ClCompile Include="src\Engine\CopyPerFrameTask.cpp">
      <Filter>Engine\Tasks\Copy</Filter>
    </ClCompile>
    <ClCompile Include="src\Engine\ConstantBuffer.cpp">
      <Filter>Engine\ConstantBuffer</Filter>
    </ClCompile>
    <ClCompile Include="src\Engine\ConstantBufferView.cpp">
      <Filter>Engine\ConstantBuffer</Filter>
    </ClCompile>
    <ClCompile Include="src\Engine\ShaderResourceView.cpp">
      <Filter>Engine</Filter>
    </ClCompile>
    <ClCompile Include="src\Engine\DepthStencilView.cpp">
      <Filter>Engine</Filter>
    </ClCompile>
    <ClCompile Include="src\Engine\ShadowInfo.cpp">
      <Filter>Engine</Filter>
    </ClCompile>
    <ClCompile Include="src\Engine\LightViewsPool.cpp">
      <Filter>Engine</Filter>
    </ClCompile>
    <ClCompile Include="src\Engine\TempInputClass.cpp">
      <Filter>Engine</Filter>
    </ClCompile>
    <ClCompile Include="src\Engine\BaseCamera.cpp">
      <Filter>Engine\Camera</Filter>
    </ClCompile>
    <ClCompile Include="src\Engine\PerspectiveCamera.cpp">
      <Filter>Engine\Camera</Filter>
    </ClCompile>
    <ClCompile Include="src\Engine\OrthographicCamera.cpp">
      <Filter>Engine\Camera</Filter>
    </ClCompile>
    <ClCompile Include="src\Engine\RenderView.cpp">
      <Filter>Engine</Filter>
    </ClCompile>
    <ClCompile Include="src\ECS\Components\CameraComponent.cpp">
      <Filter>ECS\Components</Filter>
    </ClCompile>
    <ClCompile Include="src\ECS\Components\BoundingBoxComponent.cpp">
      <Filter>ECS\Components</Filter>
    </ClCompile>
    <ClCompile Include="src\Engine\BlendRenderTask.cpp">
      <Filter>Engine\Tasks\Render\Solid</Filter>
    </ClCompile>
    <ClCompile Include="src\Engine\ForwardRenderTask.cpp">
      <Filter>Engine\Tasks\Render\Solid</Filter>
    </ClCompile>
    <ClCompile Include="src\Engine\ShadowRenderTask.cpp">
      <Filter>Engine\Tasks\Render\Solid</Filter>
    </ClCompile>
    <ClCompile Include="src\Engine\WireframeRenderTask.cpp">
      <Filter>Engine\Tasks\Render\WireFrame</Filter>
    </ClCompile>
    <ClCompile Include="src\Engine\RenderTask.cpp">
      <Filter>Engine\Tasks\Render\Solid</Filter>
    </ClCompile>
    <ClCompile Include="src\Engine\MousePicker.cpp">
      <Filter>Engine</Filter>
    </ClCompile>
    <ClCompile Include="src\Engine\BoundingBoxPool.cpp">
      <Filter>Engine</Filter>
    </ClCompile>
  </ItemGroup>
  <ItemGroup>
    <ClInclude Include="src\Window.h">
      <Filter>Source Files</Filter>
    </ClInclude>
    <ClInclude Include="src\Engine\DescriptorHeap.h">
      <Filter>Engine</Filter>
    </ClInclude>
    <ClInclude Include="src\Engine\Renderer.h">
      <Filter>Engine</Filter>
    </ClInclude>
    <ClInclude Include="src\Engine\RenderTarget.h">
      <Filter>Engine</Filter>
    </ClInclude>
    <ClInclude Include="src\Engine\Resource.h">
      <Filter>Engine</Filter>
    </ClInclude>
    <ClInclude Include="src\Engine\RootSignature.h">
      <Filter>Engine</Filter>
    </ClInclude>
    <ClInclude Include="src\Engine\Shader.h">
      <Filter>Engine</Filter>
    </ClInclude>
    <ClInclude Include="src\Engine\SwapChain.h">
      <Filter>Engine</Filter>
    </ClInclude>
    <ClInclude Include="src\Engine\Transform.h">
      <Filter>Engine</Filter>
    </ClInclude>
    <ClInclude Include="src\Engine\D3D12Timer.h">
      <Filter>Engine</Filter>
    </ClInclude>
    <ClInclude Include="src\Engine\Thread.h">
      <Filter>Engine\Threads</Filter>
    </ClInclude>
    <ClInclude Include="src\Engine\ThreadPool.h">
      <Filter>Engine\Threads</Filter>
    </ClInclude>
    <ClInclude Include="src\Engine\Task.h">
      <Filter>Engine\Tasks</Filter>
    </ClInclude>
    <ClInclude Include="src\Engine\CommandInterface.h">
      <Filter>Engine</Filter>
    </ClInclude>
    <ClInclude Include="src\Engine\DX12Task.h">
      <Filter>Engine\Tasks</Filter>
    </ClInclude>
    <ClInclude Include="src\Engine\CopyTask.h">
      <Filter>Engine\Tasks\Copy</Filter>
    </ClInclude>
    <ClInclude Include="src\Engine\ComputeTask.h">
      <Filter>Engine\Tasks\Compute</Filter>
    </ClInclude>
    <ClInclude Include="src\Engine\AssetLoader.h">
      <Filter>Engine</Filter>
    </ClInclude>
    <ClInclude Include="src\Engine\Mesh.h">
      <Filter>Engine</Filter>
    </ClInclude>
    <ClInclude Include="src\Engine\Timer.h">
      <Filter>Engine</Filter>
    </ClInclude>
    <ClInclude Include="src\ECS\Components\Component.h">
      <Filter>ECS\Components</Filter>
    </ClInclude>
    <ClInclude Include="src\ECS\Entity.h">
      <Filter>ECS</Filter>
    </ClInclude>
    <ClInclude Include="src\ECS\Scene.h">
      <Filter>ECS</Filter>
    </ClInclude>
    <ClInclude Include="src\ECS\SceneHandler.h">
      <Filter>ECS</Filter>
    </ClInclude>
    <ClInclude Include="src\ECS\Components\MeshComponent.h">
      <Filter>ECS\Components</Filter>
    </ClInclude>
    <ClInclude Include="src\ECS\Components\TransformComponent.h">
      <Filter>ECS\Components</Filter>
    </ClInclude>
    <ClInclude Include="src\Engine\Texture.h">
      <Filter>Engine</Filter>
    </ClInclude>
    <ClInclude Include="src\Engine\ConstantBufferUpload.h">
      <Filter>Engine\ConstantBuffer</Filter>
    </ClInclude>
    <ClInclude Include="src\Engine\ComputeState.h">
      <Filter>Engine\PipelineState</Filter>
    </ClInclude>
    <ClInclude Include="src\Engine\GraphicsState.h">
      <Filter>Engine\PipelineState</Filter>
    </ClInclude>
    <ClInclude Include="src\Engine\PipelineState.h">
      <Filter>Engine\PipelineState</Filter>
    </ClInclude>
    <ClInclude Include="src\ECS\Components\Lights\DirectionalLightComponent.h">
      <Filter>ECS\Components\Lights</Filter>
    </ClInclude>
    <ClInclude Include="src\ECS\Components\Lights\Light.h">
      <Filter>ECS\Components\Lights</Filter>
    </ClInclude>
    <ClInclude Include="src\ECS\Components\Lights\SpotLightComponent.h">
      <Filter>ECS\Components\Lights</Filter>
    </ClInclude>
    <ClInclude Include="src\ECS\Components\Lights\PointLightComponent.h">
      <Filter>ECS\Components\Lights</Filter>
    </ClInclude>
    <ClInclude Include="src\Engine\d3dx12.h">
      <Filter>Engine\Headers</Filter>
    </ClInclude>
    <ClInclude Include="src\Engine\structs.h">
      <Filter>Engine\Headers</Filter>
    </ClInclude>
    <ClInclude Include="src\Engine\stdafx.h">
      <Filter>Engine\Headers</Filter>
    </ClInclude>
    <ClInclude Include="src\Engine\CopyPerFrameTask.h">
      <Filter>Engine\Tasks\Copy</Filter>
    </ClInclude>
    <ClInclude Include="src\Engine\ConstantBuffer.h">
      <Filter>Engine\ConstantBuffer</Filter>
    </ClInclude>
    <ClInclude Include="src\Engine\ConstantBufferView.h">
      <Filter>Engine\ConstantBuffer</Filter>
    </ClInclude>
    <ClInclude Include="src\Engine\ShaderResourceView.h">
      <Filter>Engine</Filter>
    </ClInclude>
    <ClInclude Include="src\Engine\DepthStencilView.h">
      <Filter>Engine</Filter>
    </ClInclude>
    <ClInclude Include="src\Engine\ShadowInfo.h">
      <Filter>Engine</Filter>
    </ClInclude>
    <ClInclude Include="src\Engine\LightViewsPool.h">
      <Filter>Engine</Filter>
    </ClInclude>
    <ClInclude Include="src\Engine\TempInputClass.h">
      <Filter>Engine</Filter>
    </ClInclude>
    <ClInclude Include="src\Engine\BaseCamera.h">
      <Filter>Engine\Camera</Filter>
    </ClInclude>
    <ClInclude Include="src\Engine\PerspectiveCamera.h">
      <Filter>Engine\Camera</Filter>
    </ClInclude>
    <ClInclude Include="src\Engine\OrthographicCamera.h">
      <Filter>Engine\Camera</Filter>
    </ClInclude>
    <ClInclude Include="src\Engine\RenderView.h">
      <Filter>Engine</Filter>
    </ClInclude>
    <ClInclude Include="src\ECS\Components\CameraComponent.h">
      <Filter>ECS\Components</Filter>
    </ClInclude>
    <ClInclude Include="src\ECS\Components\BoundingBoxComponent.h">
      <Filter>ECS\Components</Filter>
    </ClInclude>
    <ClInclude Include="src\Engine\BlendRenderTask.h">
      <Filter>Engine\Tasks\Render\Solid</Filter>
    </ClInclude>
    <ClInclude Include="src\Engine\ForwardRenderTask.h">
      <Filter>Engine\Tasks\Render\Solid</Filter>
    </ClInclude>
    <ClInclude Include="src\Engine\ShadowRenderTask.h">
      <Filter>Engine\Tasks\Render\Solid</Filter>
    </ClInclude>
    <ClInclude Include="src\Engine\WireframeRenderTask.h">
      <Filter>Engine\Tasks\Render\WireFrame</Filter>
    </ClInclude>
    <ClInclude Include="src\Engine\RenderTask.h">
      <Filter>Engine\Tasks\Render\Solid</Filter>
    </ClInclude>
    <ClInclude Include="src\Engine\MousePicker.h">
      <Filter>Engine</Filter>
    </ClInclude>
    <ClInclude Include="src\Engine\BoundingBoxPool.h">
      <Filter>Engine</Filter>
    </ClInclude>
  </ItemGroup>
  <ItemGroup>
    <FxCompile Include="src\Engine\HLSL\BlendPixel.hlsl">
      <Filter>Engine\Shaders</Filter>
    </FxCompile>
    <FxCompile Include="src\Engine\HLSL\BlendVertex.hlsl">
      <Filter>Engine\Shaders</Filter>
    </FxCompile>
    <FxCompile Include="src\Engine\HLSL\LightCalculations.hlsl">
      <Filter>Engine\Shaders</Filter>
    </FxCompile>
    <FxCompile Include="src\Engine\HLSL\ShadowPixel.hlsl">
      <Filter>Engine\Shaders</Filter>
    </FxCompile>
    <FxCompile Include="src\Engine\HLSL\ShadowVertex.hlsl">
      <Filter>Engine\Shaders</Filter>
    </FxCompile>
    <FxCompile Include="src\Engine\HLSL\ForwardVertex.hlsl">
      <Filter>Engine\Shaders</Filter>
    </FxCompile>
    <FxCompile Include="src\Engine\HLSL\ForwardPixel.hlsl">
      <Filter>Engine\Shaders</Filter>
    </FxCompile>
    <FxCompile Include="src\Engine\HLSL\WhitePixel.hlsl">
      <Filter>Engine\Shaders</Filter>
    </FxCompile>
    <FxCompile Include="src\Engine\HLSL\WhiteVertex.hlsl">
      <Filter>Engine\Shaders</Filter>
    </FxCompile>
  </ItemGroup>
</Project>